
Microsoft Visual Studio Solution File, Format Version 12.00
# Visual Studio 15
VisualStudioVersion = 15.0.28307.329
MinimumVisualStudioVersion = 10.0.40219.1
Project("{FAE04EC0-301F-11D3-BF4B-00C04F79EFBC}") = "ProxyDB", "ProxyDB\ProxyDB.csproj", "{82B3DA34-24EF-4408-A69B-1481E7CF20DC}"
EndProject
Global
	GlobalSection(SolutionConfigurationPlatforms) = preSolution
		Debug|Any CPU = Debug|Any CPU
		Release|Any CPU = Release|Any CPU
	EndGlobalSection
	GlobalSection(ProjectConfigurationPlatforms) = postSolution
		{82B3DA34-24EF-4408-A69B-1481E7CF20DC}.Debug|Any CPU.ActiveCfg = Debug|Any CPU
		{82B3DA34-24EF-4408-A69B-1481E7CF20DC}.Debug|Any CPU.Build.0 = Debug|Any CPU
		{82B3DA34-24EF-4408-A69B-1481E7CF20DC}.Release|Any CPU.ActiveCfg = Release|Any CPU
		{82B3DA34-24EF-4408-A69B-1481E7CF20DC}.Release|Any CPU.Build.0 = Release|Any CPU
	EndGlobalSection
	GlobalSection(SolutionProperties) = preSolution
		HideSolutionNode = FALSE
	EndGlobalSection
	GlobalSection(ExtensibilityGlobals) = postSolution
		SolutionGuid = {8DAC1278-E19A-44F4-939D-3D592E63D9D9}
	EndGlobalSection
EndGlobal
